
Microsoft Visual Studio Solution File, Format Version 12.00
# Visual Studio Version 17
VisualStudioVersion = 17.0.31903.59
MinimumVisualStudioVersion = 10.0.40219.1
Project("{FAE04EC0-301F-11D3-BF4B-00C04F79EFBC}") = "app-main", "app-main.csproj", "{DFB96F25-4B57-4B84-B8CD-E781E231A833}"
EndProject
Project("{FAE04EC0-301F-11D3-BF4B-00C04F79EFBC}") = "lib-a", "..\lib-a\lib-a.csproj", "{31060871-C6F0-468D-9E7D-29B6B75B7C9B}"
EndProject
Project("{FAE04EC0-301F-11D3-BF4B-00C04F79EFBC}") = "lib-b", "..\lib-b\lib-b.csproj", "{3EEFC4E4-FE7E-4258-8352-D0E89404D68C}"
EndProject
Global
	GlobalSection(SolutionConfigurationPlatforms) = preSolution
		Debug|Any CPU = Debug|Any CPU
		Release|Any CPU = Release|Any CPU
	EndGlobalSection
	GlobalSection(SolutionProperties) = preSolution
		HideSolutionNode = FALSE
	EndGlobalSection
	GlobalSection(ProjectConfigurationPlatforms) = postSolution
		{DFB96F25-4B57-4B84-B8CD-E781E231A833}.Debug|Any CPU.ActiveCfg = Debug|Any CPU
		{DFB96F25-4B57-4B84-B8CD-E781E231A833}.Debug|Any CPU.Build.0 = Debug|Any CPU
		{DFB96F25-4B57-4B84-B8CD-E781E231A833}.Release|Any CPU.ActiveCfg = Release|Any CPU
		{DFB96F25-4B57-4B84-B8CD-E781E231A833}.Release|Any CPU.Build.0 = Release|Any CPU
		{31060871-C6F0-468D-9E7D-29B6B75B7C9B}.Debug|Any CPU.ActiveCfg = Debug|Any CPU
		{31060871-C6F0-468D-9E7D-29B6B75B7C9B}.Debug|Any CPU.Build.0 = Debug|Any CPU
		{31060871-C6F0-468D-9E7D-29B6B75B7C9B}.Release|Any CPU.ActiveCfg = Release|Any CPU
		{31060871-C6F0-468D-9E7D-29B6B75B7C9B}.Release|Any CPU.Build.0 = Release|Any CPU
		{3EEFC4E4-FE7E-4258-8352-D0E89404D68C}.Debug|Any CPU.ActiveCfg = Debug|Any CPU
		{3EEFC4E4-FE7E-4258-8352-D0E89404D68C}.Debug|Any CPU.Build.0 = Debug|Any CPU
		{3EEFC4E4-FE7E-4258-8352-D0E89404D68C}.Release|Any CPU.ActiveCfg = Release|Any CPU
		{3EEFC4E4-FE7E-4258-8352-D0E89404D68C}.Release|Any CPU.Build.0 = Release|Any CPU
	EndGlobalSection
EndGlobal
